<?xml version="1.0" encoding="utf-8"?>
<Project ToolsVersion="4.0" xmlns="http://schemas.microsoft.com/developer/msbuild/2003">
  <ItemGroup>
    <Filter Include="소스 파일">
      <UniqueIdentifier>{4FC737F1-C7A5-4376-A066-2A32D752A2FF}</UniqueIdentifier>
      <Extensions>cpp;c;cc;cxx;c++;cppm;ixx;def;odl;idl;hpj;bat;asm;asmx</Extensions>
    </Filter>
    <Filter Include="헤더 파일">
      <UniqueIdentifier>{93995380-89BD-4b04-88EB-625FBE52EBFB}</UniqueIdentifier>
      <Extensions>h;hh;hpp;hxx;h++;hm;inl;inc;ipp;xsd</Extensions>
    </Filter>
    <Filter Include="리소스 파일">
      <UniqueIdentifier>{67DA6AB6-F800-4c08-8B7A-83BB121AAD01}</UniqueIdentifier>
      <Extensions>rc;ico;cur;bmp;dlg;rc2;rct;bin;rgs;gif;jpg;jpeg;jpe;resx;tiff;tif;png;wav;mfcribbon-ms</Extensions>
    </Filter>
  </ItemGroup>
  <ItemGroup>
    <ClCompile Include="동적할당.cpp">
      <Filter>소스 파일</Filter>
    </ClCompile>
    <ClCompile Include="배열1.cpp">
      <Filter>소스 파일</Filter>
    </ClCompile>
    <ClCompile Include="복사생성자.cpp">
      <Filter>소스 파일</Filter>
    </ClCompile>
    <ClCompile Include="얕은복사의문제점.cpp">
      <Filter>소스 파일</Filter>
    </ClCompile>
    <ClCompile Include="프렌드.cpp">
      <Filter>소스 파일</Filter>
    </ClCompile>
    <ClCompile Include="+연산자.cpp">
      <Filter>소스 파일</Filter>
    </ClCompile>
    <ClCompile Include="+=연산자.cpp">
      <Filter>소스 파일</Filter>
    </ClCompile>
    <ClCompile Include="상속9_1.cpp">
      <Filter>소스 파일</Filter>
    </ClCompile>
    <ClCompile Include="함수재정의.cpp">
      <Filter>소스 파일</Filter>
    </ClCompile>
    <ClCompile Include="상속반복과가상함수.cpp">
      <Filter>소스 파일</Filter>
    </ClCompile>
    <ClCompile Include="범위지정연산자와가상함수.cpp">
      <Filter>소스 파일</Filter>
    </ClCompile>
    <ClCompile Include="가상소멸자.cpp">
      <Filter>소스 파일</Filter>
    </ClCompile>
    <ClCompile Include="파생클래스생성자.cpp">
      <Filter>소스 파일</Filter>
    </ClCompile>
    <ClCompile Include="sort재정의.cpp">
      <Filter>소스 파일</Filter>
    </ClCompile>
    <ClCompile Include="회의실진짜최종.cpp">
      <Filter>소스 파일</Filter>
    </ClCompile>
    <ClCompile Include="바이너리파일복사.cpp">
      <Filter>소스 파일</Filter>
    </ClCompile>
    <ClCompile Include="ATM.cpp">
      <Filter>소스 파일</Filter>
    </ClCompile>
    <ClCompile Include="설탕.cpp">
      <Filter>소스 파일</Filter>
    </ClCompile>
    <ClCompile Include="연산자오버로딩.cpp">
      <Filter>소스 파일</Filter>
    </ClCompile>
    <ClCompile Include="다중상속.cpp">
      <Filter>소스 파일</Filter>
    </ClCompile>
    <ClCompile Include="가상함수와 상속.cpp">
      <Filter>소스 파일</Filter>
    </ClCompile>
    <ClCompile Include="제네릭 스택.cpp">
      <Filter>소스 파일</Filter>
    </ClCompile>
    <ClCompile Include="다리잇기.cpp">
      <Filter>소스 파일</Filter>
    </ClCompile>
    <ClCompile Include="로또.cpp">
      <Filter>소스 파일</Filter>
    </ClCompile>
    <ClCompile Include="인형뽑기.cpp">
      <Filter>소스 파일</Filter>
    </ClCompile>
    <ClCompile Include="별찍기3.cpp">
      <Filter>소스 파일</Filter>
    </ClCompile>
    <ClCompile Include="명령프롬프트.cpp">
      <Filter>소스 파일</Filter>
    </ClCompile>
    <ClCompile Include="적어도대부분의배수.cpp">
      <Filter>소스 파일</Filter>
    </ClCompile>
    <ClCompile Include="준하닉네임.cpp">
      <Filter>소스 파일</Filter>
    </ClCompile>
    <ClCompile Include="년도계산.cpp">
      <Filter>소스 파일</Filter>
    </ClCompile>
    <ClCompile Include="오븐시간.cpp">
      <Filter>소스 파일</Filter>
    </ClCompile>
    <ClCompile Include="주사위게임.cpp">
      <Filter>소스 파일</Filter>
    </ClCompile>
    <ClCompile Include="셀프넘버.cpp">
      <Filter>소스 파일</Filter>
    </ClCompile>
    <ClCompile Include="벡터.cpp">
      <Filter>소스 파일</Filter>
    </ClCompile>
    <ClCompile Include="셀프넘버 mine.cpp">
      <Filter>소스 파일</Filter>
    </ClCompile>
    <ClCompile Include="한수.cpp">
      <Filter>소스 파일</Filter>
    </ClCompile>
    <ClCompile Include="한수최종.cpp">
      <Filter>소스 파일</Filter>
    </ClCompile>
    <ClCompile Include="아스키코드변환.cpp">
      <Filter>소스 파일</Filter>
    </ClCompile>
    <ClCompile Include="총합.cpp">
      <Filter>소스 파일</Filter>
    </ClCompile>
    <ClCompile Include="알파벳찾기.cpp">
      <Filter>소스 파일</Filter>
    </ClCompile>
    <ClCompile Include="수찾기.cpp">
      <Filter>소스 파일</Filter>
    </ClCompile>
    <ClCompile Include="++연산자 정의.cpp">
      <Filter>소스 파일</Filter>
    </ClCompile>
  </ItemGroup>
</Project>