
Microsoft Visual Studio Solution File, Format Version 12.00
# Visual Studio Version 16
VisualStudioVersion = 16.0.31424.327
MinimumVisualStudioVersion = 10.0.40219.1
Project("{8BC9CEB8-8B4A-11D0-8D11-00A0C91BC942}") = "test", "test\test.vcxproj", "{68B47A53-FB88-43FF-A78A-C75F705C657E}"
EndProject
Global
	GlobalSection(SolutionConfigurationPlatforms) = preSolution
		Debug|x64 = Debug|x64
		Debug|x86 = Debug|x86
		Release|x64 = Release|x64
		Release|x86 = Release|x86
	EndGlobalSection
	GlobalSection(ProjectConfigurationPlatforms) = postSolution
		{68B47A53-FB88-43FF-A78A-C75F705C657E}.Debug|x64.ActiveCfg = Debug|x64
		{68B47A53-FB88-43FF-A78A-C75F705C657E}.Debug|x64.Build.0 = Debug|x64
		{68B47A53-FB88-43FF-A78A-C75F705C657E}.Debug|x86.ActiveCfg = Debug|Win32
		{68B47A53-FB88-43FF-A78A-C75F705C657E}.Debug|x86.Build.0 = Debug|Win32
		{68B47A53-FB88-43FF-A78A-C75F705C657E}.Release|x64.ActiveCfg = Release|x64
		{68B47A53-FB88-43FF-A78A-C75F705C657E}.Release|x64.Build.0 = Release|x64
		{68B47A53-FB88-43FF-A78A-C75F705C657E}.Release|x86.ActiveCfg = Release|Win32
		{68B47A53-FB88-43FF-A78A-C75F705C657E}.Release|x86.Build.0 = Release|Win32
	EndGlobalSection
	GlobalSection(SolutionProperties) = preSolution
		HideSolutionNode = FALSE
	EndGlobalSection
	GlobalSection(ExtensibilityGlobals) = postSolution
		SolutionGuid = {A697166B-D99B-47F6-B40E-90D4C6EAA84F}
	EndGlobalSection
EndGlobal
